
Microsoft Visual Studio Solution File, Format Version 12.00
# Visual Studio Version 16
VisualStudioVersion = 16.0.31410.357
MinimumVisualStudioVersion = 10.0.40219.1
Project("{FAE04EC0-301F-11D3-BF4B-00C04F79EFBC}") = "ÜrünStok", "ÜrünStok\ÜrünStok.csproj", "{6036FFEB-0C42-4B50-B9A2-83FEC971B46D}"
EndProject
Global
	GlobalSection(SolutionConfigurationPlatforms) = preSolution
		Debug|Any CPU = Debug|Any CPU
		Release|Any CPU = Release|Any CPU
	EndGlobalSection
	GlobalSection(ProjectConfigurationPlatforms) = postSolution
		{6036FFEB-0C42-4B50-B9A2-83FEC971B46D}.Debug|Any CPU.ActiveCfg = Debug|Any CPU
		{6036FFEB-0C42-4B50-B9A2-83FEC971B46D}.Debug|Any CPU.Build.0 = Debug|Any CPU
		{6036FFEB-0C42-4B50-B9A2-83FEC971B46D}.Release|Any CPU.ActiveCfg = Release|Any CPU
		{6036FFEB-0C42-4B50-B9A2-83FEC971B46D}.Release|Any CPU.Build.0 = Release|Any CPU
	EndGlobalSection
	GlobalSection(SolutionProperties) = preSolution
		HideSolutionNode = FALSE
	EndGlobalSection
	GlobalSection(ExtensibilityGlobals) = postSolution
		SolutionGuid = {AF4713CC-8D89-4F48-A16F-829E2369E53C}
	EndGlobalSection
EndGlobal
